
Microsoft Visual Studio Solution File, Format Version 12.00
# Visual Studio Version 17
VisualStudioVersion = 17.3.32825.248
MinimumVisualStudioVersion = 10.0.40219.1
Project("{FAE04EC0-301F-11D3-BF4B-00C04F79EFBC}") = "Employees.API", "Employees.API\Employees.API.csproj", "{EC2118D2-2B5A-44D1-81A6-BA39D374A62E}"
EndProject
Project("{FAE04EC0-301F-11D3-BF4B-00C04F79EFBC}") = "Employees.Data", "Employees.Data\Employees.Data.csproj", "{C11D211E-820A-4E52-B0A6-4260E563AF12}"
EndProject
Project("{FAE04EC0-301F-11D3-BF4B-00C04F79EFBC}") = "Employees.Core", "Employees.Core\Employees.Core.csproj", "{C1A7E421-28A5-4A4B-B08F-8A0A3CCB90B3}"
EndProject
Project("{FAE04EC0-301F-11D3-BF4B-00C04F79EFBC}") = "Employees.Service", "Employees.Service\Employees.Service.csproj", "{98563EEE-9303-4CEB-8ED6-883ACFA24A9B}"
EndProject
Global
	GlobalSection(SolutionConfigurationPlatforms) = preSolution
		Debug|Any CPU = Debug|Any CPU
		Release|Any CPU = Release|Any CPU
	EndGlobalSection
	GlobalSection(ProjectConfigurationPlatforms) = postSolution
		{EC2118D2-2B5A-44D1-81A6-BA39D374A62E}.Debug|Any CPU.ActiveCfg = Debug|Any CPU
		{EC2118D2-2B5A-44D1-81A6-BA39D374A62E}.Debug|Any CPU.Build.0 = Debug|Any CPU
		{EC2118D2-2B5A-44D1-81A6-BA39D374A62E}.Release|Any CPU.ActiveCfg = Release|Any CPU
		{EC2118D2-2B5A-44D1-81A6-BA39D374A62E}.Release|Any CPU.Build.0 = Release|Any CPU
		{C11D211E-820A-4E52-B0A6-4260E563AF12}.Debug|Any CPU.ActiveCfg = Debug|Any CPU
		{C11D211E-820A-4E52-B0A6-4260E563AF12}.Debug|Any CPU.Build.0 = Debug|Any CPU
		{C11D211E-820A-4E52-B0A6-4260E563AF12}.Release|Any CPU.ActiveCfg = Release|Any CPU
		{C11D211E-820A-4E52-B0A6-4260E563AF12}.Release|Any CPU.Build.0 = Release|Any CPU
		{C1A7E421-28A5-4A4B-B08F-8A0A3CCB90B3}.Debug|Any CPU.ActiveCfg = Debug|Any CPU
		{C1A7E421-28A5-4A4B-B08F-8A0A3CCB90B3}.Debug|Any CPU.Build.0 = Debug|Any CPU
		{C1A7E421-28A5-4A4B-B08F-8A0A3CCB90B3}.Release|Any CPU.ActiveCfg = Release|Any CPU
		{C1A7E421-28A5-4A4B-B08F-8A0A3CCB90B3}.Release|Any CPU.Build.0 = Release|Any CPU
		{98563EEE-9303-4CEB-8ED6-883ACFA24A9B}.Debug|Any CPU.ActiveCfg = Debug|Any CPU
		{98563EEE-9303-4CEB-8ED6-883ACFA24A9B}.Debug|Any CPU.Build.0 = Debug|Any CPU
		{98563EEE-9303-4CEB-8ED6-883ACFA24A9B}.Release|Any CPU.ActiveCfg = Release|Any CPU
		{98563EEE-9303-4CEB-8ED6-883ACFA24A9B}.Release|Any CPU.Build.0 = Release|Any CPU
	EndGlobalSection
	GlobalSection(SolutionProperties) = preSolution
		HideSolutionNode = FALSE
	EndGlobalSection
	GlobalSection(ExtensibilityGlobals) = postSolution
		SolutionGuid = {1F12CB99-C0D1-4C28-BCD8-579EEB81CBCE}
	EndGlobalSection
EndGlobal
